<Solution>
  <Folder Name="/src/">
    <Project Path="src/HalcyonRecords.Api/HalcyonRecords.Api.csproj" />
    <Project Path="src/HalcyonRecords.AppHost/HalcyonRecords.AppHost.csproj" />
    <Project Path="src/HalcyonRecords.ServiceDefaults/HalcyonRecords.ServiceDefaults.csproj" />
  </Folder>
  <Folder Name="/tests/">
    <Project Path="tests/HalcyonRecords.Api.UnitTests/HalcyonRecords.Api.UnitTests.csproj" />
  </Folder>
</Solution>
