{
  "version": 1,
  "dependencies": {
    "net10.0-windows10.0.19041": {
      "CommunityToolkit.Mvvm": {
        "type": "Direct",
        "requested": "[8.4.2, )",
        "resolved": "8.4.2",
        "contentHash": "WadCzGEc2U+3e20avRLng4qNtt4zoOGWrdUISqJWrHe3/FSnrYjuM5Sb4yQb09LhkBXrrI4Zt3dLKgRMbItsrg=="
      },
      "Microsoft.Extensions.Configuration.FileExtensions": {
        "type": "Direct",
        "requested": "[10.0.11, )",
        "resolved": "10.0.11",
        "contentHash": "mDW7KVFB05M6jiRUyaZiOMWhS31n5HlSZwoYctHAZAucD4sMDJ70IxOmkGDt6RpstchD+keWBjhdzcMpSkWvWQ==",
        "dependencies": {
          "Microsoft.Extensions.Configuration": "10.0.11",
          "Microsoft.Extensions.Configuration.Abstractions": "10.0.11",
          "Microsoft.Extensions.FileProviders.Abstractions": "10.0.11",
          "Microsoft.Extensions.FileProviders.Physical": "10.0.11",
          "Microsoft.Extensions.Primitives": "10.0.11"
        }
      },
      "Microsoft.Extensions.Configuration.Json": {
        "type": "Direct",
        "requested": "[10.0.11, )",
        "resolved": "10.0.11",
        "contentHash": "nSPrT8U/cNoB4coqkmnanAMK9PsL7lsjG+LLUKEwHRFwS6E78b8S1wdv/y88EOxBhasWov1rLd7RTHmmsYPOLg==",
        "dependencies": {
          "Microsoft.Extensions.Configuration": "10.0.11",
          "Microsoft.Extensions.Configuration.Abstractions": "10.0.11",
          "Microsoft.Extensions.Configuration.FileExtensions": "10.0.11",
          "Microsoft.Extensions.FileProviders.Abstractions": "10.0.11"
        }
      },
      "Microsoft.Extensions.Configuration.UserSecrets": {
        "type": "Direct",
        "requested": "[10.0.11, )",
        "resolved": "10.0.11",
        "contentHash": "BRliLdUowglV8GS+J1G/QsSofCJYYFg3U8QZx0ACRn+a91az/Qnpy+h6PyHS94WgV2TSazX5D/cuuk6wnCJatw==",
        "dependencies": {
          "Microsoft.Extensions.Configuration.Abstractions": "10.0.11",
          "Microsoft.Extensions.Configuration.Json": "10.0.11",
          "Microsoft.Extensions.FileProviders.Abstractions": "10.0.11",
          "Microsoft.Extensions.FileProviders.Physical": "10.0.11"
        }
      },
      "Microsoft.WindowsAppSDK": {
        "type": "Direct",
        "requested": "[2.1.3, )",
        "resolved": "2.1.3",
        "contentHash": "46KCntcmWPS0nbV3a8iEMslpYy0W9wTsmkANrXFxDWuiAnm8jXytFNvwNVN5HfoA3d+Cxb3pO+JE2UNnB5wn7w==",
        "dependencies": {
          "Microsoft.WindowsAppSDK.AI": "2.1.10",
          "Microsoft.WindowsAppSDK.Base": "2.0.4",
          "Microsoft.WindowsAppSDK.DWrite": "2.1.0",
          "Microsoft.WindowsAppSDK.Foundation": "2.0.21",
          "Microsoft.WindowsAppSDK.InteractiveExperiences": "2.0.13",
          "Microsoft.WindowsAppSDK.ML": "2.1.1",
          "Microsoft.WindowsAppSDK.Runtime": "[2.1.3]",
          "Microsoft.WindowsAppSDK.Widgets": "2.0.5",
          "Microsoft.WindowsAppSDK.WinUI": "2.1.0"
        }
      },
      "SonarAnalyzer.CSharp": {
        "type": "Direct",
        "requested": "[10.29.0.143774, )",
        "resolved": "10.29.0.143774",
        "contentHash": "YOBCHTjqb4ak7yjLQhQJ6S0+aTkgnuMcekjCrhWruyIIoWlB1C8W+Fgr18bWit+xx7Gd9sNl5sziOwh6D804Hg=="
      },
      "Azure.Core": {
        "type": "Transitive",
        "resolved": "1.50.0",
        "contentHash": "GBNKZEhdIbTXxedvD3R7I/yDVFX9jJJEz02kCziFSJxspSQ5RMHc3GktulJ1s7+ffXaXD7kMgrtdQTaggyInLw==",
        "dependencies": {
          "Microsoft.Bcl.AsyncInterfaces": "8.0.0",
          "System.ClientModel": "1.8.0",
          "System.Memory.Data": "8.0.1"
        }
      },
      "Azure.Identity": {
        "type": "Transitive",
        "resolved": "1.17.1",
        "contentHash": "MSZkBrctcpiGxs9Cvr2VKKoN6qFLZlP3I6xuCWJ9iTgitI5Rgxtk5gfOSpXPZE3+CJmZ/mnqpQyGyjawFn5Vvg==",
        "dependencies": {
          "Azure.Core": "1.50.0",
          "Microsoft.Identity.Client": "4.78.0",
          "Microsoft.Identity.Client.Extensions.Msal": "4.78.0"
        }
      },
      "ErrorOr": {
        "type": "Transitive",
        "resolved": "2.1.1",
        "contentHash": "Y/AhvEZ5DjSi993Db1VrnYpK8YpM4o+tonF4f+AtXDzrIHYvbjWJD7fpip+ugSwW8kMw+XXEnMlJM7E0BKJBWA=="
      },
      "Microsoft.Bcl.AsyncInterfaces": {
        "type": "Transitive",
        "resolved": "8.0.0",
        "contentHash": "3WA9q9yVqJp222P3x1wYIGDAkpjAku0TMUaaQV22g6L67AI0LdOIrVS7Ht2vJfLHGSPVuqN94vIr15qn+HEkHw=="
      },
      "Microsoft.Data.SqlClient": {
        "type": "Transitive",
        "resolved": "6.1.6",
        "contentHash": "6abRPXrjjEWxcNkTomBIzBdGolYnwD0ykP+6YAynaEEfKlGe94ZSQd58pggucusp28xUA7wLo9XcvzU92ZuF6Q==",
        "dependencies": {
          "Azure.Core": "1.50.0",
          "Azure.Identity": "1.17.1",
          "Microsoft.Data.SqlClient.SNI.runtime": "6.0.2",
          "Microsoft.Extensions.Caching.Memory": "9.0.11",
          "Microsoft.Identity.Client": "4.84.2",
          "Microsoft.Identity.Client.Broker": "4.84.2",
          "Microsoft.IdentityModel.JsonWebTokens": "7.7.1",
          "Microsoft.IdentityModel.Protocols.OpenIdConnect": "7.7.1",
          "Microsoft.SqlServer.Server": "1.0.0",
          "System.Configuration.ConfigurationManager": "9.0.11",
          "System.IdentityModel.Tokens.Jwt": "7.7.1",
          "System.Security.Cryptography.Pkcs": "9.0.11"
        }
      },
      "Microsoft.Data.SqlClient.SNI.runtime": {
        "type": "Transitive",
        "resolved": "6.0.2",
        "contentHash": "f+pRODTWX7Y67jXO3T5S2dIPZ9qMJNySjlZT/TKmWVNWe19N8jcWmHaqHnnchaq3gxEKv1SWVY5EFzOD06l41w=="
      },
      "Microsoft.EntityFrameworkCore": {
        "type": "Transitive",
        "resolved": "10.0.11",
        "contentHash": "VOSGU8en6HZJs8t7UMFN+9vGcRgVOOn6fA44Ngcg2NyvJ3P1KE94iAb0XzaVaGhXGtt+qaM/VtEn0/hzluQJeg==",
        "dependencies": {
          "Microsoft.EntityFrameworkCore.Abstractions": "10.0.11",
          "Microsoft.EntityFrameworkCore.Analyzers": "10.0.11",
          "Microsoft.Extensions.Caching.Memory": "10.0.11",
          "Microsoft.Extensions.Logging": "10.0.11"
        }
      },
      "Microsoft.EntityFrameworkCore.Abstractions": {
        "type": "Transitive",
        "resolved": "10.0.11",
        "contentHash": "6auJR+9+9VunznKfH7WGrHMrnrmA0F7JZ22EXzwXvVhjfnbu9Xq7NSIWaOf3KJsOanM2qf5ajJ2JR5TlcPZTLA=="
      },
      "Microsoft.EntityFrameworkCore.Analyzers": {
        "type": "Transitive",
        "resolved": "10.0.11",
        "contentHash": "Bv7X4wSSnzCQED9WYXKJ8fwgyvKwf0xZM1GO8xkf6CF9zl+UBnvjxmcPnokJRy0JKjc1SlHSzzhx1HcL4jitTQ=="
      },
      "Microsoft.EntityFrameworkCore.Relational": {
        "type": "Transitive",
        "resolved": "10.0.11",
        "contentHash": "grznnTJgEYxaWpdKAsTzg6j+89jHgCXWYp+QGtlX5O92+w/VuhWM6JLPYb+uw8M9VhGUvOTsO76dYOy9vNPd5Q==",
        "dependencies": {
          "Microsoft.EntityFrameworkCore": "10.0.11",
          "Microsoft.Extensions.Caching.Memory": "10.0.11",
          "Microsoft.Extensions.Configuration.Abstractions": "10.0.11",
          "Microsoft.Extensions.Logging": "10.0.11"
        }
      },
      "Microsoft.EntityFrameworkCore.SqlServer": {
        "type": "Transitive",
        "resolved": "10.0.11",
        "contentHash": "LClSs5cNN6za2Uk7IeH7RAP4Qe5EMXxFsD9i53ncPx21TVg04IEjoFyxvvsSNkq2/Ux9HyJsJ2qEO8Tl7Gcrrg==",
        "dependencies": {
          "Microsoft.Data.SqlClient": "6.1.6",
          "Microsoft.EntityFrameworkCore.Relational": "10.0.11",
          "Microsoft.Extensions.Caching.Memory": "10.0.11",
          "Microsoft.Extensions.Configuration.Abstractions": "10.0.11",
          "Microsoft.Extensions.Logging": "10.0.11"
        }
      },
      "Microsoft.Extensions.AmbientMetadata.Application": {
        "type": "Transitive",
        "resolved": "10.8.0",
        "contentHash": "/FYCIyhRLrDwIg29tB/21/Rp7XMaEP/gWR5Cxyi4GgWcN/v/XXUpU52yhQux0s2SQy1Z0C1wnhptCMvLaaT45Q==",
        "dependencies": {
          "Microsoft.Extensions.Configuration": "10.0.10",
          "Microsoft.Extensions.Hosting.Abstractions": "10.0.10",
          "Microsoft.Extensions.Options.ConfigurationExtensions": "10.0.10"
        }
      },
      "Microsoft.Extensions.Caching.Abstractions": {
        "type": "Transitive",
        "resolved": "10.0.11",
        "contentHash": "vUl798SmruTqqlt/xH2gDk3tJlhk6k3HdOXAHirlRfbNKDym4g/kRpUL9S4sl6F6FsOTOMW+ZsDapqlZMOOiEw==",
        "dependencies": {
          "Microsoft.Extensions.Primitives": "10.0.11"
        }
      },
      "Microsoft.Extensions.Caching.Memory": {
        "type": "Transitive",
        "resolved": "10.0.11",
        "contentHash": "el1g0mBEbDBGY2bT9mcSfrTWO8QlPdq2nOCnvQugioOFwHV+bVBMeiakoI0dNOdj8d6Hi9K6HY2xzRUWJiDR3w==",
        "dependencies": {
          "Microsoft.Extensions.Caching.Abstractions": "10.0.11",
          "Microsoft.Extensions.DependencyInjection.Abstractions": "10.0.11",
          "Microsoft.Extensions.Logging.Abstractions": "10.0.11",
          "Microsoft.Extensions.Options": "10.0.11",
          "Microsoft.Extensions.Primitives": "10.0.11"
        }
      },
      "Microsoft.Extensions.Compliance.Abstractions": {
        "type": "Transitive",
        "resolved": "10.8.0",
        "contentHash": "7I0DXMTCqpXpXg+SLLDlfedtv6DN5Lgiv+PR3MclzqKPOHNB17YP42KMNI61ckSrffh0xsuIqQyCIjvWc6vUuw==",
        "dependencies": {
          "Microsoft.Extensions.DependencyInjection.Abstractions": "10.0.10",
          "Microsoft.Extensions.ObjectPool": "10.0.10"
        }
      },
      "Microsoft.Extensions.Configuration": {
        "type": "Transitive",
        "resolved": "10.0.11",
        "contentHash": "wlhRqZW8LcJPa+vk2oLAc/REXDItHtkFQdf/QcXYGZbZOO13izcsKY1pCvuFQYwUiZD+hwSZwsKASjqT+BNaVg==",
        "dependencies": {
          "Microsoft.Extensions.Configuration.Abstractions": "10.0.11",
          "Microsoft.Extensions.Primitives": "10.0.11"
        }
      },
      "Microsoft.Extensions.Configuration.Abstractions": {
        "type": "Transitive",
        "resolved": "10.0.11",
        "contentHash": "fVi053xdpda9Em7vSkmgVxO/PtgC2m78ekReKWsgcyskqY0U82Bz/MONwxpGzI0hElYKJfw+fupqMVeKW3fSaA==",
        "dependencies": {
          "Microsoft.Extensions.Primitives": "10.0.11"
        }
      },
      "Microsoft.Extensions.Configuration.Binder": {
        "type": "Transitive",
        "resolved": "10.0.10",
        "contentHash": "GqmN2o1CkJvk7uWp+p4CwBYW0w/zfoEbvsiFDbO2G8l1Uz+mrDAbAcZiXhU2lufKPby1cjAUdd5GTWpebYOkOA==",
        "dependencies": {
          "Microsoft.Extensions.Configuration": "10.0.10",
          "Microsoft.Extensions.Configuration.Abstractions": "10.0.10"
        }
      },
      "Microsoft.Extensions.DependencyInjection": {
        "type": "Transitive",
        "resolved": "10.0.11",
        "contentHash": "PSmotV19c7E3lKed++uYo1kSiXFI+uTl37CBSrhq+CfLC3FCHjG7R91+xPnNehQfHS1b0Tzo/CCLPWH3qaEheg==",
        "dependencies": {
          "Microsoft.Extensions.DependencyInjection.Abstractions": "10.0.11"
        }
      },
      "Microsoft.Extensions.DependencyInjection.Abstractions": {
        "type": "Transitive",
        "resolved": "10.0.11",
        "contentHash": "/a1aJz4m7ylhEDf25ugQChLQoN5XwoGjWw/BoR/ZWWKsO1v4DdJElS1uyngahz4B/eOzjFk1KNTkarRLE5wsIg=="
      },
      "Microsoft.Extensions.DependencyInjection.AutoActivation": {
        "type": "Transitive",
        "resolved": "10.8.0",
        "contentHash": "LXwOAsnrflu2ln+Bxj7y3Zc/Pn4HquCCRzW81oOIuRsM8F75TxwA/ZpSFZ5E1+YkVpndz7BcHY4ThFSjjA4vbQ==",
        "dependencies": {
          "Microsoft.Extensions.Hosting.Abstractions": "10.0.10"
        }
      },
      "Microsoft.Extensions.Diagnostics": {
        "type": "Transitive",
        "resolved": "10.0.10",
        "contentHash": "Kr/e7lUf4+N8tacbqJ2Ctwe/HarKdAc9ZkgKVVqvtJDBKbez+T/KnUwu82KSlnBp/SrpBcxc7u7xkE2oUZT/5Q==",
        "dependencies": {
          "Microsoft.Extensions.Configuration": "10.0.10",
          "Microsoft.Extensions.Diagnostics.Abstractions": "10.0.10",
          "Microsoft.Extensions.Options.ConfigurationExtensions": "10.0.10"
        }
      },
      "Microsoft.Extensions.Diagnostics.Abstractions": {
        "type": "Transitive",
        "resolved": "10.0.10",
        "contentHash": "9uWiKpeOVac355STyChWR/pliFX/5CeLqChW9kKsaxyDH4EUTZxMkT4Jwp/J/peLm0GBFmSX5c0WCse3yCnq1Q==",
        "dependencies": {
          "Microsoft.Extensions.DependencyInjection.Abstractions": "10.0.10",
          "Microsoft.Extensions.Options": "10.0.10"
        }
      },
      "Microsoft.Extensions.Diagnostics.ExceptionSummarization": {
        "type": "Transitive",
        "resolved": "10.8.0",
        "contentHash": "tXmzwQeWgiycaLOtvSFnz0TPkJxXTyZrkwSVPTr83FgSiMj3BD/8eIbvrpGi5rzc2AgfKyegKo1ntJlJFey1Zg==",
        "dependencies": {
          "Microsoft.Extensions.DependencyInjection.Abstractions": "10.0.10"
        }
      },
      "Microsoft.Extensions.FileProviders.Abstractions": {
        "type": "Transitive",
        "resolved": "10.0.11",
        "contentHash": "JOjac6SQQgZmdmB8WGEw61/7siqMZoWJMkmq2p1goJGxqI59lO6oB4bOl0jNsbaPBdYy5Mlkb+6U7T4+CjnD8Q==",
        "dependencies": {
          "Microsoft.Extensions.Primitives": "10.0.11"
        }
      },
      "Microsoft.Extensions.FileProviders.Physical": {
        "type": "Transitive",
        "resolved": "10.0.11",
        "contentHash": "Tq/UqMaczePv9yWwSsJZRgKtgA46djVR5xHj/lZBCueQ3ag8f9v5mu0EdhrNx7tXxNk+Y9OurG2oKuSKINjr0A==",
        "dependencies": {
          "Microsoft.Extensions.FileProviders.Abstractions": "10.0.11",
          "Microsoft.Extensions.FileSystemGlobbing": "10.0.11",
          "Microsoft.Extensions.Primitives": "10.0.11"
        }
      },
      "Microsoft.Extensions.FileSystemGlobbing": {
        "type": "Transitive",
        "resolved": "10.0.11",
        "contentHash": "2i6rtW/B5rCnWCnhdmWWEmaM9O0HD0zsPY9eRqa++y4tclI3Uw8zvGbBvhY/LjAdtf8gUHhUPcAWj3DRlWMXmQ=="
      },
      "Microsoft.Extensions.Hosting.Abstractions": {
        "type": "Transitive",
        "resolved": "10.0.10",
        "contentHash": "5LugpYGHk+mkn0a8IZgcyfBca8PCTAU9RQFoMrTdtOOidq88M2SI5f3px6ugnzgxC+eTkvYYJi8pzlUnG5xdAQ==",
        "dependencies": {
          "Microsoft.Extensions.Configuration.Abstractions": "10.0.10",
          "Microsoft.Extensions.DependencyInjection.Abstractions": "10.0.10",
          "Microsoft.Extensions.Diagnostics.Abstractions": "10.0.10",
          "Microsoft.Extensions.FileProviders.Abstractions": "10.0.10",
          "Microsoft.Extensions.Logging.Abstractions": "10.0.10"
        }
      },
      "Microsoft.Extensions.Http": {
        "type": "Transitive",
        "resolved": "10.0.10",
        "contentHash": "DuEBLw2y7ZBfilnaJtlge8f2M49932v43t7j1InceXVjcZzxNrSEkobYXdgZkXuPFnFbKcbWpAS+fZgYEW1BhA==",
        "dependencies": {
          "Microsoft.Extensions.Configuration.Abstractions": "10.0.10",
          "Microsoft.Extensions.DependencyInjection.Abstractions": "10.0.10",
          "Microsoft.Extensions.Diagnostics": "10.0.10",
          "Microsoft.Extensions.Logging": "10.0.10",
          "Microsoft.Extensions.Logging.Abstractions": "10.0.10",
          "Microsoft.Extensions.Options": "10.0.10"
        }
      },
      "Microsoft.Extensions.Http.Diagnostics": {
        "type": "Transitive",
        "resolved": "10.8.0",
        "contentHash": "2pYnolFkigH7N6A5WHdGx93iZ8dIhrBnu4ZkjvB6RwbHzYmIy/iXVe12pdrViNDdeBSmKZ5FA9YP/xhwLT7q7A==",
        "dependencies": {
          "Microsoft.Extensions.Http": "10.0.10",
          "Microsoft.Extensions.Telemetry": "10.8.0"
        }
      },
      "Microsoft.Extensions.Http.Resilience": {
        "type": "Transitive",
        "resolved": "10.8.0",
        "contentHash": "XtbZyYVxSNn1Aj2Z0PA8yauS12hPszTWDZ3GtZ5Vww7Ai3d8Pm841jMBnTvoTf1t9mRf3eSB38V5KUWxH6/4oQ==",
        "dependencies": {
          "Microsoft.Extensions.Http.Diagnostics": "10.8.0",
          "Microsoft.Extensions.ObjectPool": "10.0.10",
          "Microsoft.Extensions.Resilience": "10.8.0"
        }
      },
      "Microsoft.Extensions.Logging": {
        "type": "Transitive",
        "resolved": "10.0.11",
        "contentHash": "nUOJwgFkSiLHiVGFpU22pIJtuWYewuSYQ3JVuP/gdK8ASMT807Px+TYQiRWs6uSsOmoyFTaVCwKXTasczV6BpA==",
        "dependencies": {
          "Microsoft.Extensions.DependencyInjection": "10.0.11",
          "Microsoft.Extensions.Logging.Abstractions": "10.0.11",
          "Microsoft.Extensions.Options": "10.0.11"
        }
      },
      "Microsoft.Extensions.Logging.Abstractions": {
        "type": "Transitive",
        "resolved": "10.0.11",
        "contentHash": "Ljd0Uxoq5XpScD2Bg0nM/r3mwx7Ao5Uq24eo2ARxbGvqJ7Zht6rt2cJtwVRH4Cv+1ZVMdXz6TB43KbpmsxRrvQ==",
        "dependencies": {
          "Microsoft.Extensions.DependencyInjection.Abstractions": "10.0.11"
        }
      },
      "Microsoft.Extensions.Logging.Configuration": {
        "type": "Transitive",
        "resolved": "10.0.10",
        "contentHash": "cLrqxkuEfcilZ8SjK+9KAnpLk9lOoMPaOokF+wRUYie+iUEcdX4/p/+gJkt0BYgWLthjpBUCkVTBI6Kxg0nsOw==",
        "dependencies": {
          "Microsoft.Extensions.Configuration": "10.0.10",
          "Microsoft.Extensions.Configuration.Abstractions": "10.0.10",
          "Microsoft.Extensions.Configuration.Binder": "10.0.10",
          "Microsoft.Extensions.DependencyInjection.Abstractions": "10.0.10",
          "Microsoft.Extensions.Logging": "10.0.10",
          "Microsoft.Extensions.Logging.Abstractions": "10.0.10",
          "Microsoft.Extensions.Options": "10.0.10",
          "Microsoft.Extensions.Options.ConfigurationExtensions": "10.0.10"
        }
      },
      "Microsoft.Extensions.ObjectPool": {
        "type": "Transitive",
        "resolved": "10.0.10",
        "contentHash": "Tx0R6PY9MNSh0mDKSxbpHLuuec93IxF1cel+1ithQnMNr/vbfLSSHOQHGHIppAJCGfPcEo/wO1Ylj+QpXtzo3A=="
      },
      "Microsoft.Extensions.Options": {
        "type": "Transitive",
        "resolved": "10.0.11",
        "contentHash": "eY1GAKcTfD2maP27J84X9IovT3yjHJ2dVDzPmDg6/XqYvt3jMzJhtfQCLjG9pVsZGAd+8DQ2QrjaDcs2+VQLGw==",
        "dependencies": {
          "Microsoft.Extensions.DependencyInjection.Abstractions": "10.0.11",
          "Microsoft.Extensions.Primitives": "10.0.11"
        }
      },
      "Microsoft.Extensions.Options.ConfigurationExtensions": {
        "type": "Transitive",
        "resolved": "10.0.10",
        "contentHash": "tnBmu/LwF25ZQK+HBNCu2xrwnkKoB/XEbJyooGGoYxHrhvxbSKi7eOFiJ4AXBy/QU4vtCvCJfoi8k9Ej72qzOQ==",
        "dependencies": {
          "Microsoft.Extensions.Configuration.Abstractions": "10.0.10",
          "Microsoft.Extensions.Configuration.Binder": "10.0.10",
          "Microsoft.Extensions.DependencyInjection.Abstractions": "10.0.10",
          "Microsoft.Extensions.Options": "10.0.10",
          "Microsoft.Extensions.Primitives": "10.0.10"
        }
      },
      "Microsoft.Extensions.Primitives": {
        "type": "Transitive",
        "resolved": "10.0.11",
        "contentHash": "SXcz+kF+4Oo9b1+55zntpJFYfwb1jw66ioxptyNOOTDc8g2FHnBFWjZpsWfCvZIhzr0x+4e2trVTs4OKwQfBtw=="
      },
      "Microsoft.Extensions.Resilience": {
        "type": "Transitive",
        "resolved": "10.8.0",
        "contentHash": "RH/gv0ZcCnQ3d30lxb8+T2o661TwZq/K5eMwp488goQLX1QYqWN3i8L8XlN9DhrqP2Zcf0EtsWaKpJO3yHDUTw==",
        "dependencies": {
          "Microsoft.Extensions.Diagnostics": "10.0.10",
          "Microsoft.Extensions.Diagnostics.ExceptionSummarization": "10.8.0",
          "Microsoft.Extensions.Options.ConfigurationExtensions": "10.0.10",
          "Microsoft.Extensions.Telemetry.Abstractions": "10.8.0",
          "Polly.Extensions": "8.4.2",
          "Polly.RateLimiting": "8.4.2"
        }
      },
      "Microsoft.Extensions.Telemetry": {
        "type": "Transitive",
        "resolved": "10.8.0",
        "contentHash": "IIWjDZguUJt6yNld9J4V88xuOUzpC76wBwfnRJLRmacmyTTl9jA8+KP5PuHPi7CKz/Vk/q+lQYmobiopuzapzA==",
        "dependencies": {
          "Microsoft.Extensions.AmbientMetadata.Application": "10.8.0",
          "Microsoft.Extensions.DependencyInjection.AutoActivation": "10.8.0",
          "Microsoft.Extensions.Logging.Configuration": "10.0.10",
          "Microsoft.Extensions.ObjectPool": "10.0.10",
          "Microsoft.Extensions.Telemetry.Abstractions": "10.8.0"
        }
      },
      "Microsoft.Extensions.Telemetry.Abstractions": {
        "type": "Transitive",
        "resolved": "10.8.0",
        "contentHash": "XHlOerNKjVrPJqbuFi196tyFhS7eNMoPUC800xJmCGsSiruE/goGoKyBKzS1HeelAGnoFPFrS+LgNitXNeEYRQ==",
        "dependencies": {
          "Microsoft.Extensions.Compliance.Abstractions": "10.8.0",
          "Microsoft.Extensions.Logging.Abstractions": "10.0.10",
          "Microsoft.Extensions.ObjectPool": "10.0.10",
          "Microsoft.Extensions.Options": "10.0.10"
        }
      },
      "Microsoft.Identity.Client": {
        "type": "Transitive",
        "resolved": "4.84.2",
        "contentHash": "Va9FjmABSgj/lcUfHH0pBNQkmS7SNyepz2ERV7Yynp6QgEYpFdSqR6Vzy1WWipN8GS5pBHuXoZbqaDWuARCrHQ==",
        "dependencies": {
          "Microsoft.IdentityModel.Abstractions": "8.14.0"
        }
      },
      "Microsoft.Identity.Client.Broker": {
        "type": "Transitive",
        "resolved": "4.84.2",
        "contentHash": "928ySLeGz1xtvydwq6h9tv7TbxrtA4ZzavLKUqRJh0PW6BGcEJwpI8W8vf2PlQdYemGm/oyGjdzYzdY/I8r/4A==",
        "dependencies": {
          "Microsoft.Identity.Client": "4.84.2",
          "Microsoft.Identity.Client.NativeInterop": "0.20.6"
        }
      },
      "Microsoft.Identity.Client.Extensions.Msal": {
        "type": "Transitive",
        "resolved": "4.78.0",
        "contentHash": "DYU9o+DrDQuyZxeq91GBA9eNqBvA3ZMkLzQpF7L9dTk6FcIBM1y1IHXWqiKXTvptPF7CZE59upbyUoa+FJ5eiA==",
        "dependencies": {
          "Microsoft.Identity.Client": "4.78.0",
          "System.Security.Cryptography.ProtectedData": "4.5.0"
        }
      },
      "Microsoft.Identity.Client.NativeInterop": {
        "type": "Transitive",
        "resolved": "0.20.6",
        "contentHash": "noyfdMfVxyWpM6xUDmlW6gUvZ5ci24z7Qoy15JvynTQfZV5vTD2NEdsnT5Gy4ngViwgdIp5iRjRy10jAKXFAgw=="
      },
      "Microsoft.IdentityModel.Abstractions": {
        "type": "Transitive",
        "resolved": "8.14.0",
        "contentHash": "iwbCpSjD3ehfTwBhtSNEtKPK0ICun6ov7Ibx6ISNA9bfwIyzI2Siwyi9eJFCJBwxowK9xcA1mj+jBWiigeqgcQ=="
      },
      "Microsoft.IdentityModel.JsonWebTokens": {
        "type": "Transitive",
        "resolved": "7.7.1",
        "contentHash": "3Izi75UCUssvo8LPx3OVnEeZay58qaFicrtSnbtUt7q8qQi0gy46gh4V8VUTkMVMKXV6VMyjBVmeNNgeCUJuIw==",
        "dependencies": {
          "Microsoft.IdentityModel.Tokens": "7.7.1"
        }
      },
      "Microsoft.IdentityModel.Logging": {
        "type": "Transitive",
        "resolved": "7.7.1",
        "contentHash": "BZNgSq/o8gsKExdYoBKPR65fdsxW0cTF8PsdqB8y011AGUJJW300S/ZIsEUD0+sOmGc003Gwv3FYbjrVjvsLNQ==",
        "dependencies": {
          "Microsoft.IdentityModel.Abstractions": "7.7.1"
        }
      },
      "Microsoft.IdentityModel.Protocols": {
        "type": "Transitive",
        "resolved": "7.7.1",
        "contentHash": "h+fHHBGokepmCX+QZXJk4Ij8OApCb2n2ktoDkNX5CXteXsOxTHMNgjPGpAwdJMFvAL7TtGarUnk3o97NmBq2QQ==",
        "dependencies": {
          "Microsoft.IdentityModel.Tokens": "7.7.1"
        }
      },
      "Microsoft.IdentityModel.Protocols.OpenIdConnect": {
        "type": "Transitive",
        "resolved": "7.7.1",
        "contentHash": "yT2Hdj8LpPbcT9C9KlLVxXl09C8zjFaVSaApdOwuecMuoV4s6Sof/mnTDz/+F/lILPIBvrWugR9CC7iRVZgbfQ==",
        "dependencies": {
          "Microsoft.IdentityModel.Protocols": "7.7.1",
          "System.IdentityModel.Tokens.Jwt": "7.7.1"
        }
      },
      "Microsoft.IdentityModel.Tokens": {
        "type": "Transitive",
        "resolved": "7.7.1",
        "contentHash": "fQ0VVCba75lknUHGldi3iTKAYUQqbzp1Un8+d9cm9nON0Gs8NAkXddNg8iaUB0qi/ybtAmNWizTR4avdkCJ9pQ==",
        "dependencies": {
          "Microsoft.IdentityModel.Logging": "7.7.1"
        }
      },
      "Microsoft.SqlServer.Server": {
        "type": "Transitive",
        "resolved": "1.0.0",
        "contentHash": "N4KeF3cpcm1PUHym1RmakkzfkEv3GRMyofVv40uXsQhCQeglr2OHNcUk2WOG51AKpGO8ynGpo9M/kFXSzghwug=="
      },
      "Microsoft.Web.WebView2": {
        "type": "Transitive",
        "resolved": "1.0.3719.77",
        "contentHash": "t+ucyKw5NTwMjsUrDF6R9Lk40lpcKQD1/HgyGFxl49tdA4h9dKlsj6FYGEmDRpFNfnTpENuTypMcdbrlkqBdDA=="
      },
      "Microsoft.Windows.AI.MachineLearning": {
        "type": "Transitive",
        "resolved": "2.1.1",
        "contentHash": "A5BbYPLVrcaRJvpwx0nv7aMDOMqR20qaw9EaLcUe9pkSArzKoSk6cilRsSioU+eRa9+HahidBZTegawdswKqIQ==",
        "dependencies": {
          "System.Numerics.Tensors": "9.0.0"
        }
      },
      "Microsoft.Windows.SDK.BuildTools": {
        "type": "Transitive",
        "resolved": "10.0.26100.4654",
        "contentHash": "2mgcOlj/t2RfSyyw+pVESfO+Tk1RkfQzto9Vrq42M1lUQIfQEwbi8QLha9GXWIOj+TFzeHIEJckIoF25mgiM8A=="
      },
      "Microsoft.Windows.SDK.BuildTools.MSIX": {
        "type": "Transitive",
        "resolved": "1.7.251221100",
        "contentHash": "f4aIZJ0NUth2403oxrpR+9rxVzZVI6dabqB21u8ncnk8eJAKCs9m77E4iYAnvP1YwrRe4axz3f8+yUcttNSfEA=="
      },
      "Microsoft.WindowsAppSDK.AI": {
        "type": "Transitive",
        "resolved": "2.1.10",
        "contentHash": "4rOxfQbOZkdGK/wzajqyXZeCl9WW1qdtb63hTBFEA7pZ14iyF3iV64VNg6KOXuRRUL64/wyHHsiBwLlvFSFgcw==",
        "dependencies": {
          "Microsoft.WindowsAppSDK.Base": "2.0.4",
          "Microsoft.WindowsAppSDK.Foundation": "2.0.21"
        }
      },
      "Microsoft.WindowsAppSDK.Base": {
        "type": "Transitive",
        "resolved": "2.0.4",
        "contentHash": "QXSy2llX2/Bx9dYWGUEsb10F40q94ZiDnPMzqa2/qRmTG4y9EXxGp6uHITb7c0b4FCa+6KFBlgh6D53M0QEMEg==",
        "dependencies": {
          "Microsoft.Windows.SDK.BuildTools": "10.0.26100.4654",
          "Microsoft.Windows.SDK.BuildTools.MSIX": "1.7.251221100"
        }
      },
      "Microsoft.WindowsAppSDK.DWrite": {
        "type": "Transitive",
        "resolved": "2.1.0",
        "contentHash": "dgix7NSeo7Z8SZPyrsOqYm/6OUvBveHCiVyorYecmtDYoZW26dJ6/i9yveIxgWvmFpgfKXPeIuQBCvhbetHiYg==",
        "dependencies": {
          "Microsoft.WindowsAppSDK.Base": "2.0.3"
        }
      },
      "Microsoft.WindowsAppSDK.Foundation": {
        "type": "Transitive",
        "resolved": "2.0.21",
        "contentHash": "Wzr4c9dSXXcNQw67wVmy+32FXW6+TLyrQHD5eZXAjNydMsLRMZjUXzD1qQgBg1bdgzjlkYnOyYqoXbOL6lfqkw==",
        "dependencies": {
          "Microsoft.WindowsAppSDK.Base": "2.0.4",
          "Microsoft.WindowsAppSDK.InteractiveExperiences": "2.0.13"
        }
      },
      "Microsoft.WindowsAppSDK.InteractiveExperiences": {
        "type": "Transitive",
        "resolved": "2.0.13",
        "contentHash": "jxzb2F0thCzUhxX3EMthKyxMaWINGSAf1/uMfS3pyCODCzHoR39LUQE22DZDAmMJEM4pebCnIj2PYRQjSuy65Q==",
        "dependencies": {
          "Microsoft.WindowsAppSDK.Base": "2.0.3"
        }
      },
      "Microsoft.WindowsAppSDK.ML": {
        "type": "Transitive",
        "resolved": "2.1.1",
        "contentHash": "q+luYBGlPdzMwhOsZCUmWbIZMvmc0pn5+nBvrKyQzvd/mC2+YBEaqfN2/zkfkFKsmJUuPvnG73RouAP/1oKPaA==",
        "dependencies": {
          "Microsoft.Windows.AI.MachineLearning": "[2.1.1, 3.0.0)",
          "Microsoft.WindowsAppSDK.Base": "2.0.4",
          "Microsoft.WindowsAppSDK.Foundation": "2.0.21"
        }
      },
      "Microsoft.WindowsAppSDK.Runtime": {
        "type": "Transitive",
        "resolved": "2.1.3",
        "contentHash": "dbddzTTnePoiFEw2h9QeGxJ8jyFtx7OEMIt053vjd/FQU4hzdnK9/LGPF5cwCkCD8gLvrXqyfR8AhCjz5Ni9sQ==",
        "dependencies": {
          "Microsoft.WindowsAppSDK.Base": "2.0.4"
        }
      },
      "Microsoft.WindowsAppSDK.Widgets": {
        "type": "Transitive",
        "resolved": "2.0.5",
        "contentHash": "lRz+8+QU65gV8hRzLVE+GRsPKZ42lnzqkmsw96HzQd/DuFYfr4JYpUU7ZZ5YrkV2EfQe4BCmoRKAeZ3WwalMcg==",
        "dependencies": {
          "Microsoft.WindowsAppSDK.Base": "2.0.3"
        }
      },
      "Microsoft.WindowsAppSDK.WinUI": {
        "type": "Transitive",
        "resolved": "2.1.0",
        "contentHash": "HXFdlOESmUM7RPPWO5z4lpJX7zIPhDDPngfEP1itAUG/1SWFWKxYdEpt6nciMGITj92OpSK70R8/h06j5tfhIg==",
        "dependencies": {
          "Microsoft.Web.WebView2": "1.0.3719.77",
          "Microsoft.WindowsAppSDK.Base": "2.0.4",
          "Microsoft.WindowsAppSDK.Foundation": "2.0.21",
          "Microsoft.WindowsAppSDK.InteractiveExperiences": "2.0.13"
        }
      },
      "Polly.Core": {
        "type": "Transitive",
        "resolved": "8.4.2",
        "contentHash": "BpE2I6HBYYA5tF0Vn4eoQOGYTYIK1BlF5EXVgkWGn3mqUUjbXAr13J6fZVbp7Q3epRR8yshacBMlsHMhpOiV3g=="
      },
      "Polly.Extensions": {
        "type": "Transitive",
        "resolved": "8.4.2",
        "contentHash": "GZ9vRVmR0jV2JtZavt+pGUsQ1O1cuRKG7R7VOZI6ZDy9y6RNPvRvXK1tuS4ffUrv8L0FTea59oEuQzgS0R7zSA==",
        "dependencies": {
          "Microsoft.Extensions.Logging.Abstractions": "8.0.0",
          "Microsoft.Extensions.Options": "8.0.0",
          "Polly.Core": "8.4.2"
        }
      },
      "Polly.RateLimiting": {
        "type": "Transitive",
        "resolved": "8.4.2",
        "contentHash": "ehTImQ/eUyO07VYW2WvwSmU9rRH200SKJ/3jku9rOkyWE0A2JxNFmAVms8dSn49QLSjmjFRRSgfNyOgr/2PSmA==",
        "dependencies": {
          "Polly.Core": "8.4.2",
          "System.Threading.RateLimiting": "8.0.0"
        }
      },
      "System.ClientModel": {
        "type": "Transitive",
        "resolved": "1.8.0",
        "contentHash": "AqRzhn0v29GGGLj/Z6gKq4lGNtvPHT4nHdG5PDJh9IfVjv/nYUVmX11hwwws1vDFeIAzrvmn0dPu8IjLtu6fAw==",
        "dependencies": {
          "Microsoft.Extensions.Logging.Abstractions": "8.0.3",
          "System.Memory.Data": "8.0.1"
        }
      },
      "System.Configuration.ConfigurationManager": {
        "type": "Transitive",
        "resolved": "9.0.11",
        "contentHash": "vPinosRgEk1CGjohbv0pDuz6gPprkWo5xvBTjOJjks5JOgOEWvPndq5NngGxiTcBcy1+k9GwzZ1c3Bp2fU5ezw==",
        "dependencies": {
          "System.Diagnostics.EventLog": "9.0.11",
          "System.Security.Cryptography.ProtectedData": "9.0.11"
        }
      },
      "System.Diagnostics.EventLog": {
        "type": "Transitive",
        "resolved": "9.0.11",
        "contentHash": "2Us/NchH6SM69NYWzf8NRyeftdv3ILso8LMiMdAjT7ECTiZKzddiXWhAyQj6ZzbddoAOHS9GdlPbAAkwCPID3Q=="
      },
      "System.IdentityModel.Tokens.Jwt": {
        "type": "Transitive",
        "resolved": "7.7.1",
        "contentHash": "rQkO1YbAjLwnDJSMpRhRtrc6XwIcEOcUvoEcge+evurpzSZM3UNK+MZfD3sKyTlYsvknZ6eJjSBfnmXqwOsT9Q==",
        "dependencies": {
          "Microsoft.IdentityModel.JsonWebTokens": "7.7.1",
          "Microsoft.IdentityModel.Tokens": "7.7.1"
        }
      },
      "System.Memory.Data": {
        "type": "Transitive",
        "resolved": "8.0.1",
        "contentHash": "BVYuec3jV23EMRDeR7Dr1/qhx7369dZzJ9IWy2xylvb4YfXsrUxspWc4UWYid/tj4zZK58uGZqn2WQiaDMhmAg=="
      },
      "System.Numerics.Tensors": {
        "type": "Transitive",
        "resolved": "9.0.0",
        "contentHash": "hyJB4UlpAi19Xr9AXzu2NuagKC4lPfHObNMEAA0HmqFz2rX7wKgzeYzO/jM/eBHDhnUGFFEjk5cOoJaxqg5J4A=="
      },
      "System.Security.Cryptography.Pkcs": {
        "type": "Transitive",
        "resolved": "9.0.11",
        "contentHash": "YS2YqtN6fFjlTDIQI+ucjbbrEvwMn796r+VLTQRr/5Oy6g+i+m7nIou83KnJCnAcKna2I+5eVJRks6SoHSpetQ=="
      },
      "System.Security.Cryptography.ProtectedData": {
        "type": "Transitive",
        "resolved": "9.0.11",
        "contentHash": "s8yUYuYYu+PAwvBdhLG1KyrGrk9gkYeuPxfAsXsTqqWyepwSyEw8hAaflW4nO98NG52YpYI1am2+9o+79h2RtQ=="
      },
      "System.Threading.RateLimiting": {
        "type": "Transitive",
        "resolved": "8.0.0",
        "contentHash": "7mu9v0QDv66ar3DpGSZHg9NuNcxDaaAcnMULuZlaTpP9+hwXhrxNGsF5GmLkSHxFdb5bBc1TzeujsRgTrPWi+Q=="
      },
      "halcyonrecords.seeddatagenerator.core": {
        "type": "Project",
        "dependencies": {
          "HalcyonRecords.Shared": "[1.0.0, )",
          "Microsoft.EntityFrameworkCore.SqlServer": "[10.0.11, )",
          "Microsoft.Extensions.Http.Resilience": "[10.8.0, )"
        }
      },
      "halcyonrecords.shared": {
        "type": "Project",
        "dependencies": {
          "ErrorOr": "[2.1.1, )"
        }
      }
    },
    "net10.0-windows10.0.19041/win-x64": {
      "Microsoft.Data.SqlClient": {
        "type": "Transitive",
        "resolved": "6.1.6",
        "contentHash": "6abRPXrjjEWxcNkTomBIzBdGolYnwD0ykP+6YAynaEEfKlGe94ZSQd58pggucusp28xUA7wLo9XcvzU92ZuF6Q==",
        "dependencies": {
          "Azure.Core": "1.50.0",
          "Azure.Identity": "1.17.1",
          "Microsoft.Data.SqlClient.SNI.runtime": "6.0.2",
          "Microsoft.Extensions.Caching.Memory": "9.0.11",
          "Microsoft.Identity.Client": "4.84.2",
          "Microsoft.Identity.Client.Broker": "4.84.2",
          "Microsoft.IdentityModel.JsonWebTokens": "7.7.1",
          "Microsoft.IdentityModel.Protocols.OpenIdConnect": "7.7.1",
          "Microsoft.SqlServer.Server": "1.0.0",
          "System.Configuration.ConfigurationManager": "9.0.11",
          "System.IdentityModel.Tokens.Jwt": "7.7.1",
          "System.Security.Cryptography.Pkcs": "9.0.11"
        }
      },
      "Microsoft.Data.SqlClient.SNI.runtime": {
        "type": "Transitive",
        "resolved": "6.0.2",
        "contentHash": "f+pRODTWX7Y67jXO3T5S2dIPZ9qMJNySjlZT/TKmWVNWe19N8jcWmHaqHnnchaq3gxEKv1SWVY5EFzOD06l41w=="
      },
      "Microsoft.Identity.Client.NativeInterop": {
        "type": "Transitive",
        "resolved": "0.20.6",
        "contentHash": "noyfdMfVxyWpM6xUDmlW6gUvZ5ci24z7Qoy15JvynTQfZV5vTD2NEdsnT5Gy4ngViwgdIp5iRjRy10jAKXFAgw=="
      },
      "Microsoft.Web.WebView2": {
        "type": "Transitive",
        "resolved": "1.0.3719.77",
        "contentHash": "t+ucyKw5NTwMjsUrDF6R9Lk40lpcKQD1/HgyGFxl49tdA4h9dKlsj6FYGEmDRpFNfnTpENuTypMcdbrlkqBdDA=="
      },
      "Microsoft.Windows.AI.MachineLearning": {
        "type": "Transitive",
        "resolved": "2.1.1",
        "contentHash": "A5BbYPLVrcaRJvpwx0nv7aMDOMqR20qaw9EaLcUe9pkSArzKoSk6cilRsSioU+eRa9+HahidBZTegawdswKqIQ==",
        "dependencies": {
          "System.Numerics.Tensors": "9.0.0"
        }
      },
      "Microsoft.WindowsAppSDK.Foundation": {
        "type": "Transitive",
        "resolved": "2.0.21",
        "contentHash": "Wzr4c9dSXXcNQw67wVmy+32FXW6+TLyrQHD5eZXAjNydMsLRMZjUXzD1qQgBg1bdgzjlkYnOyYqoXbOL6lfqkw==",
        "dependencies": {
          "Microsoft.WindowsAppSDK.Base": "2.0.4",
          "Microsoft.WindowsAppSDK.InteractiveExperiences": "2.0.13"
        }
      },
      "System.Diagnostics.EventLog": {
        "type": "Transitive",
        "resolved": "9.0.11",
        "contentHash": "2Us/NchH6SM69NYWzf8NRyeftdv3ILso8LMiMdAjT7ECTiZKzddiXWhAyQj6ZzbddoAOHS9GdlPbAAkwCPID3Q=="
      },
      "System.Security.Cryptography.Pkcs": {
        "type": "Transitive",
        "resolved": "9.0.11",
        "contentHash": "YS2YqtN6fFjlTDIQI+ucjbbrEvwMn796r+VLTQRr/5Oy6g+i+m7nIou83KnJCnAcKna2I+5eVJRks6SoHSpetQ=="
      }
    }
  }
}