{
  "version": 1,
  "dependencies": {
    "net10.0-windows10.0.19041": {
      "CommunityToolkit.Mvvm": {
        "type": "Direct",
        "requested": "[8.4.2, )",
        "resolved": "8.4.2",
        "contentHash": "WadCzGEc2U+3e20avRLng4qNtt4zoOGWrdUISqJWrHe3/FSnrYjuM5Sb4yQb09LhkBXrrI4Zt3dLKgRMbItsrg=="
      },
      "Microsoft.Extensions.Configuration.FileExtensions": {
        "type": "Direct",
        "requested": "[10.0.10, )",
        "resolved": "10.0.10",
        "contentHash": "ZOhZYwvbXGTgGVRwswIirofEMVHuWdxjdh0JeUZXwaF9cgcjXdz/t0ELtgaevw7ezTyv47yPNCgGreWtLkn3IQ==",
        "dependencies": {
          "Microsoft.Extensions.Configuration": "10.0.10",
          "Microsoft.Extensions.Configuration.Abstractions": "10.0.10",
          "Microsoft.Extensions.FileProviders.Abstractions": "10.0.10",
          "Microsoft.Extensions.FileProviders.Physical": "10.0.10",
          "Microsoft.Extensions.Primitives": "10.0.10"
        }
      },
      "Microsoft.Extensions.Configuration.Json": {
        "type": "Direct",
        "requested": "[10.0.10, )",
        "resolved": "10.0.10",
        "contentHash": "uvJ6sHwjgrkMEJOgiC76G0mcZGXerwyyWkwX34EOjCbxKG6TCtfAoqDKAMsCvEBf9HxjlGQEgqsSMOGCmGBf+A==",
        "dependencies": {
          "Microsoft.Extensions.Configuration": "10.0.10",
          "Microsoft.Extensions.Configuration.Abstractions": "10.0.10",
          "Microsoft.Extensions.Configuration.FileExtensions": "10.0.10",
          "Microsoft.Extensions.FileProviders.Abstractions": "10.0.10"
        }
      },
      "Microsoft.Extensions.Configuration.UserSecrets": {
        "type": "Direct",
        "requested": "[10.0.10, )",
        "resolved": "10.0.10",
        "contentHash": "1s1sKFTk/Foam64JY6+m/diH8drL3Wx6V3gtSd5v1IEZtszZYyc1pW8uRnMblzpNiR0l0t8gGk7tXj3xHzFgdg==",
        "dependencies": {
          "Microsoft.Extensions.Configuration.Abstractions": "10.0.10",
          "Microsoft.Extensions.Configuration.Json": "10.0.10",
          "Microsoft.Extensions.FileProviders.Abstractions": "10.0.10",
          "Microsoft.Extensions.FileProviders.Physical": "10.0.10"
        }
      },
      "Microsoft.WindowsAppSDK": {
        "type": "Direct",
        "requested": "[2.1.3, )",
        "resolved": "2.1.3",
        "contentHash": "46KCntcmWPS0nbV3a8iEMslpYy0W9wTsmkANrXFxDWuiAnm8jXytFNvwNVN5HfoA3d+Cxb3pO+JE2UNnB5wn7w==",
        "dependencies": {
          "Microsoft.WindowsAppSDK.AI": "2.1.10",
          "Microsoft.WindowsAppSDK.Base": "2.0.4",
          "Microsoft.WindowsAppSDK.DWrite": "2.1.0",
          "Microsoft.WindowsAppSDK.Foundation": "2.0.21",
          "Microsoft.WindowsAppSDK.InteractiveExperiences": "2.0.13",
          "Microsoft.WindowsAppSDK.ML": "2.1.1",
          "Microsoft.WindowsAppSDK.Runtime": "[2.1.3]",
          "Microsoft.WindowsAppSDK.Widgets": "2.0.5",
          "Microsoft.WindowsAppSDK.WinUI": "2.1.0"
        }
      },
      "SonarAnalyzer.CSharp": {
        "type": "Direct",
        "requested": "[10.29.0.143774, )",
        "resolved": "10.29.0.143774",
        "contentHash": "YOBCHTjqb4ak7yjLQhQJ6S0+aTkgnuMcekjCrhWruyIIoWlB1C8W+Fgr18bWit+xx7Gd9sNl5sziOwh6D804Hg=="
      },
      "Azure.Core": {
        "type": "Transitive",
        "resolved": "1.47.1",
        "contentHash": "oPcncSsDHuxB8SC522z47xbp2+ttkcKv2YZ90KXhRKN0YQd2+7l1UURT9EBzUNEXtkLZUOAB5xbByMTrYRh3yA==",
        "dependencies": {
          "Microsoft.Bcl.AsyncInterfaces": "8.0.0",
          "System.ClientModel": "1.5.1",
          "System.Memory.Data": "8.0.1"
        }
      },
      "Azure.Identity": {
        "type": "Transitive",
        "resolved": "1.14.2",
        "contentHash": "YhNMwOTwT+I2wIcJKSdP0ADyB2aK+JaYWZxO8LSRDm5w77LFr0ykR9xmt2ZV5T1gaI7xU6iNFIh/yW1dAlpddQ==",
        "dependencies": {
          "Azure.Core": "1.46.1",
          "Microsoft.Identity.Client": "4.73.1",
          "Microsoft.Identity.Client.Extensions.Msal": "4.73.1"
        }
      },
      "ErrorOr": {
        "type": "Transitive",
        "resolved": "2.1.1",
        "contentHash": "Y/AhvEZ5DjSi993Db1VrnYpK8YpM4o+tonF4f+AtXDzrIHYvbjWJD7fpip+ugSwW8kMw+XXEnMlJM7E0BKJBWA=="
      },
      "Microsoft.Bcl.AsyncInterfaces": {
        "type": "Transitive",
        "resolved": "8.0.0",
        "contentHash": "3WA9q9yVqJp222P3x1wYIGDAkpjAku0TMUaaQV22g6L67AI0LdOIrVS7Ht2vJfLHGSPVuqN94vIr15qn+HEkHw=="
      },
      "Microsoft.Bcl.Cryptography": {
        "type": "Transitive",
        "resolved": "9.0.4",
        "contentHash": "YgZYAWzyNuPVtPq6WNm0bqOWNjYaWgl5mBWTGZyNoXitYBUYSp6iUB9AwK0V1mo793qRJUXz2t6UZrWITZSvuQ=="
      },
      "Microsoft.Data.SqlClient": {
        "type": "Transitive",
        "resolved": "6.1.1",
        "contentHash": "syGQmIUPAYYHAHyTD8FCkTNThpQWvoA7crnIQRMfp8dyB5A2cWU3fQexlRTFkVmV7S0TjVmthi0LJEFVjHo8AQ==",
        "dependencies": {
          "Azure.Core": "1.47.1",
          "Azure.Identity": "1.14.2",
          "Microsoft.Bcl.Cryptography": "9.0.4",
          "Microsoft.Data.SqlClient.SNI.runtime": "6.0.2",
          "Microsoft.Extensions.Caching.Memory": "9.0.4",
          "Microsoft.IdentityModel.JsonWebTokens": "7.7.1",
          "Microsoft.IdentityModel.Protocols.OpenIdConnect": "7.7.1",
          "Microsoft.SqlServer.Server": "1.0.0",
          "System.Configuration.ConfigurationManager": "9.0.4",
          "System.Security.Cryptography.Pkcs": "9.0.4"
        }
      },
      "Microsoft.Data.SqlClient.SNI.runtime": {
        "type": "Transitive",
        "resolved": "6.0.2",
        "contentHash": "f+pRODTWX7Y67jXO3T5S2dIPZ9qMJNySjlZT/TKmWVNWe19N8jcWmHaqHnnchaq3gxEKv1SWVY5EFzOD06l41w=="
      },
      "Microsoft.EntityFrameworkCore": {
        "type": "Transitive",
        "resolved": "10.0.10",
        "contentHash": "a0V7zj/VbYP6dTdWpUgE/r2PuLKtUGe2aJ0lVKkn/wP9ZhaxUz2kQydVfvOjCv2SKxlrqdBfHhPD4Cvlf+4ffA==",
        "dependencies": {
          "Microsoft.EntityFrameworkCore.Abstractions": "10.0.10",
          "Microsoft.EntityFrameworkCore.Analyzers": "10.0.10",
          "Microsoft.Extensions.Caching.Memory": "10.0.10",
          "Microsoft.Extensions.Logging": "10.0.10"
        }
      },
      "Microsoft.EntityFrameworkCore.Abstractions": {
        "type": "Transitive",
        "resolved": "10.0.10",
        "contentHash": "bOzrFCl6uZCjaSh2bG1ToRQRdx+iXvxosCg9hFyG9OWeAzOFI4xev9OqKeWfKf/kAHyox2JnbcvLVf2ceA7sqA=="
      },
      "Microsoft.EntityFrameworkCore.Analyzers": {
        "type": "Transitive",
        "resolved": "10.0.10",
        "contentHash": "2gLDordUCGf3aNOOuqtTbP5mxhiP9nk6TnvGiE3RnqT891O+Zf/qKu1PIREubs1M16A0SImr4vULBfU5BTDs1Q=="
      },
      "Microsoft.EntityFrameworkCore.Relational": {
        "type": "Transitive",
        "resolved": "10.0.10",
        "contentHash": "wNonj40aZxia+GtuBiiD6ZqVh4h6y5Nje1bGdmzZ8/ui0QRsAN+S0SIrLHFCEGbG9cDbeaE40sh+Lr7o9rRs6g==",
        "dependencies": {
          "Microsoft.EntityFrameworkCore": "10.0.10",
          "Microsoft.Extensions.Caching.Memory": "10.0.10",
          "Microsoft.Extensions.Configuration.Abstractions": "10.0.10",
          "Microsoft.Extensions.Logging": "10.0.10"
        }
      },
      "Microsoft.EntityFrameworkCore.SqlServer": {
        "type": "Transitive",
        "resolved": "10.0.10",
        "contentHash": "xwAOvQ1WCfWyA4sRkoYVHyTm8UJ7NDYpRo++2oWuXGQ9g60Z1yepaQBmoPDT2nX24q4ISWnktAW9zARFTiSVvg==",
        "dependencies": {
          "Microsoft.Data.SqlClient": "6.1.1",
          "Microsoft.EntityFrameworkCore.Relational": "10.0.10",
          "Microsoft.Extensions.Caching.Memory": "10.0.10",
          "Microsoft.Extensions.Configuration.Abstractions": "10.0.10",
          "Microsoft.Extensions.Logging": "10.0.10"
        }
      },
      "Microsoft.Extensions.AmbientMetadata.Application": {
        "type": "Transitive",
        "resolved": "10.8.0",
        "contentHash": "/FYCIyhRLrDwIg29tB/21/Rp7XMaEP/gWR5Cxyi4GgWcN/v/XXUpU52yhQux0s2SQy1Z0C1wnhptCMvLaaT45Q==",
        "dependencies": {
          "Microsoft.Extensions.Configuration": "10.0.10",
          "Microsoft.Extensions.Hosting.Abstractions": "10.0.10",
          "Microsoft.Extensions.Options.ConfigurationExtensions": "10.0.10"
        }
      },
      "Microsoft.Extensions.Caching.Abstractions": {
        "type": "Transitive",
        "resolved": "10.0.10",
        "contentHash": "4ZFBNE+jzR+CrWWlhOesnmywCW7pYKT0dxyAQRdL11yJwxe4jvcAu31eorFtEkoFeCDcUTeNssgPv2yaRRptaQ==",
        "dependencies": {
          "Microsoft.Extensions.Primitives": "10.0.10"
        }
      },
      "Microsoft.Extensions.Caching.Memory": {
        "type": "Transitive",
        "resolved": "10.0.10",
        "contentHash": "N1w5H7uK6gCTnCBZAWzE0/EQYSPysij/uYwDqntqBVvBa6bjMmBKitsnEFd6yh/SX3wLm67nO6+OnZ84K+gZWg==",
        "dependencies": {
          "Microsoft.Extensions.Caching.Abstractions": "10.0.10",
          "Microsoft.Extensions.DependencyInjection.Abstractions": "10.0.10",
          "Microsoft.Extensions.Logging.Abstractions": "10.0.10",
          "Microsoft.Extensions.Options": "10.0.10",
          "Microsoft.Extensions.Primitives": "10.0.10"
        }
      },
      "Microsoft.Extensions.Compliance.Abstractions": {
        "type": "Transitive",
        "resolved": "10.8.0",
        "contentHash": "7I0DXMTCqpXpXg+SLLDlfedtv6DN5Lgiv+PR3MclzqKPOHNB17YP42KMNI61ckSrffh0xsuIqQyCIjvWc6vUuw==",
        "dependencies": {
          "Microsoft.Extensions.DependencyInjection.Abstractions": "10.0.10",
          "Microsoft.Extensions.ObjectPool": "10.0.10"
        }
      },
      "Microsoft.Extensions.Configuration": {
        "type": "Transitive",
        "resolved": "10.0.10",
        "contentHash": "plJWK2zpWuuyxI8F8s2scx6Je7N1Ajjs6HvYUGKwRnDMWIVIz9FHwAkiT7ASgrvAOd10T0FPVlh9BzAJJME+jg==",
        "dependencies": {
          "Microsoft.Extensions.Configuration.Abstractions": "10.0.10",
          "Microsoft.Extensions.Primitives": "10.0.10"
        }
      },
      "Microsoft.Extensions.Configuration.Abstractions": {
        "type": "Transitive",
        "resolved": "10.0.10",
        "contentHash": "5Vnd2I75DmZCVEjSynIdJ/0EGafgnLQwgR3t2C2/fkjx/nRG+cLwxLLdInoHeCEpkD5K4Ov/g9ZCRYrl4TRsaA==",
        "dependencies": {
          "Microsoft.Extensions.Primitives": "10.0.10"
        }
      },
      "Microsoft.Extensions.Configuration.Binder": {
        "type": "Transitive",
        "resolved": "10.0.10",
        "contentHash": "GqmN2o1CkJvk7uWp+p4CwBYW0w/zfoEbvsiFDbO2G8l1Uz+mrDAbAcZiXhU2lufKPby1cjAUdd5GTWpebYOkOA==",
        "dependencies": {
          "Microsoft.Extensions.Configuration": "10.0.10",
          "Microsoft.Extensions.Configuration.Abstractions": "10.0.10"
        }
      },
      "Microsoft.Extensions.DependencyInjection": {
        "type": "Transitive",
        "resolved": "10.0.10",
        "contentHash": "ANyvsgkNBRvcJh2XLgn8veGmajf+8m0AbKK+HPWdRL1yraSNVVSmQhFntLtdz/C795jxqqup+k05cs/3jZQPOA==",
        "dependencies": {
          "Microsoft.Extensions.DependencyInjection.Abstractions": "10.0.10"
        }
      },
      "Microsoft.Extensions.DependencyInjection.Abstractions": {
        "type": "Transitive",
        "resolved": "10.0.10",
        "contentHash": "z/2xXlFw2aLGjHyEm6E0tQ+In6VfzQzTrtArbQ2c0TQE16ZbyDCMGPvaUT9I0s8rgy9sRWlU2P9waW37qV04qA=="
      },
      "Microsoft.Extensions.DependencyInjection.AutoActivation": {
        "type": "Transitive",
        "resolved": "10.8.0",
        "contentHash": "LXwOAsnrflu2ln+Bxj7y3Zc/Pn4HquCCRzW81oOIuRsM8F75TxwA/ZpSFZ5E1+YkVpndz7BcHY4ThFSjjA4vbQ==",
        "dependencies": {
          "Microsoft.Extensions.Hosting.Abstractions": "10.0.10"
        }
      },
      "Microsoft.Extensions.Diagnostics": {
        "type": "Transitive",
        "resolved": "10.0.10",
        "contentHash": "Kr/e7lUf4+N8tacbqJ2Ctwe/HarKdAc9ZkgKVVqvtJDBKbez+T/KnUwu82KSlnBp/SrpBcxc7u7xkE2oUZT/5Q==",
        "dependencies": {
          "Microsoft.Extensions.Configuration": "10.0.10",
          "Microsoft.Extensions.Diagnostics.Abstractions": "10.0.10",
          "Microsoft.Extensions.Options.ConfigurationExtensions": "10.0.10"
        }
      },
      "Microsoft.Extensions.Diagnostics.Abstractions": {
        "type": "Transitive",
        "resolved": "10.0.10",
        "contentHash": "9uWiKpeOVac355STyChWR/pliFX/5CeLqChW9kKsaxyDH4EUTZxMkT4Jwp/J/peLm0GBFmSX5c0WCse3yCnq1Q==",
        "dependencies": {
          "Microsoft.Extensions.DependencyInjection.Abstractions": "10.0.10",
          "Microsoft.Extensions.Options": "10.0.10"
        }
      },
      "Microsoft.Extensions.Diagnostics.ExceptionSummarization": {
        "type": "Transitive",
        "resolved": "10.8.0",
        "contentHash": "tXmzwQeWgiycaLOtvSFnz0TPkJxXTyZrkwSVPTr83FgSiMj3BD/8eIbvrpGi5rzc2AgfKyegKo1ntJlJFey1Zg==",
        "dependencies": {
          "Microsoft.Extensions.DependencyInjection.Abstractions": "10.0.10"
        }
      },
      "Microsoft.Extensions.FileProviders.Abstractions": {
        "type": "Transitive",
        "resolved": "10.0.10",
        "contentHash": "c5zqFCY9DiIpMovLd7/d/CTiEtrMOuQ639dhv3PABtKQIKNQikSHwQt8+N679uii9q+B55lgK28Uv64FOwEu8w==",
        "dependencies": {
          "Microsoft.Extensions.Primitives": "10.0.10"
        }
      },
      "Microsoft.Extensions.FileProviders.Physical": {
        "type": "Transitive",
        "resolved": "10.0.10",
        "contentHash": "jhJAyo38kSrH3ARvWUk0h8itogVnQu2DCZuPo+s0Z+tXes0ugTxMPaHYzap85785eHQmPFqD9TYERqBbtGxn/w==",
        "dependencies": {
          "Microsoft.Extensions.FileProviders.Abstractions": "10.0.10",
          "Microsoft.Extensions.FileSystemGlobbing": "10.0.10",
          "Microsoft.Extensions.Primitives": "10.0.10"
        }
      },
      "Microsoft.Extensions.FileSystemGlobbing": {
        "type": "Transitive",
        "resolved": "10.0.10",
        "contentHash": "jSOCVxEwCd4Aq925kJVz1kSO1EpX2OHYKL04qVREXkDU7Ce3pVDdHPYm+fEy8y/th2kJf/DAstRHpJAqoNWP8w=="
      },
      "Microsoft.Extensions.Hosting.Abstractions": {
        "type": "Transitive",
        "resolved": "10.0.10",
        "contentHash": "5LugpYGHk+mkn0a8IZgcyfBca8PCTAU9RQFoMrTdtOOidq88M2SI5f3px6ugnzgxC+eTkvYYJi8pzlUnG5xdAQ==",
        "dependencies": {
          "Microsoft.Extensions.Configuration.Abstractions": "10.0.10",
          "Microsoft.Extensions.DependencyInjection.Abstractions": "10.0.10",
          "Microsoft.Extensions.Diagnostics.Abstractions": "10.0.10",
          "Microsoft.Extensions.FileProviders.Abstractions": "10.0.10",
          "Microsoft.Extensions.Logging.Abstractions": "10.0.10"
        }
      },
      "Microsoft.Extensions.Http": {
        "type": "Transitive",
        "resolved": "10.0.10",
        "contentHash": "DuEBLw2y7ZBfilnaJtlge8f2M49932v43t7j1InceXVjcZzxNrSEkobYXdgZkXuPFnFbKcbWpAS+fZgYEW1BhA==",
        "dependencies": {
          "Microsoft.Extensions.Configuration.Abstractions": "10.0.10",
          "Microsoft.Extensions.DependencyInjection.Abstractions": "10.0.10",
          "Microsoft.Extensions.Diagnostics": "10.0.10",
          "Microsoft.Extensions.Logging": "10.0.10",
          "Microsoft.Extensions.Logging.Abstractions": "10.0.10",
          "Microsoft.Extensions.Options": "10.0.10"
        }
      },
      "Microsoft.Extensions.Http.Diagnostics": {
        "type": "Transitive",
        "resolved": "10.8.0",
        "contentHash": "2pYnolFkigH7N6A5WHdGx93iZ8dIhrBnu4ZkjvB6RwbHzYmIy/iXVe12pdrViNDdeBSmKZ5FA9YP/xhwLT7q7A==",
        "dependencies": {
          "Microsoft.Extensions.Http": "10.0.10",
          "Microsoft.Extensions.Telemetry": "10.8.0"
        }
      },
      "Microsoft.Extensions.Http.Resilience": {
        "type": "Transitive",
        "resolved": "10.8.0",
        "contentHash": "XtbZyYVxSNn1Aj2Z0PA8yauS12hPszTWDZ3GtZ5Vww7Ai3d8Pm841jMBnTvoTf1t9mRf3eSB38V5KUWxH6/4oQ==",
        "dependencies": {
          "Microsoft.Extensions.Http.Diagnostics": "10.8.0",
          "Microsoft.Extensions.ObjectPool": "10.0.10",
          "Microsoft.Extensions.Resilience": "10.8.0"
        }
      },
      "Microsoft.Extensions.Logging": {
        "type": "Transitive",
        "resolved": "10.0.10",
        "contentHash": "Tf6z5HsL0VDYRTfvsoNrTGHGheCwkTsZBA2FFh5ATJUbkAwug+FFNISJK2gjpUNemlAOoWllAK52HOWCjto3EQ==",
        "dependencies": {
          "Microsoft.Extensions.DependencyInjection": "10.0.10",
          "Microsoft.Extensions.Logging.Abstractions": "10.0.10",
          "Microsoft.Extensions.Options": "10.0.10"
        }
      },
      "Microsoft.Extensions.Logging.Abstractions": {
        "type": "Transitive",
        "resolved": "10.0.10",
        "contentHash": "zkFxGYUvdxAvIKTyXHrmW+Sux53D4SezD9dMyZ6hrwwzPQJNuwCRy1f5W7AvYTqacEGhWF2XderRQG1OvbV8og==",
        "dependencies": {
          "Microsoft.Extensions.DependencyInjection.Abstractions": "10.0.10"
        }
      },
      "Microsoft.Extensions.Logging.Configuration": {
        "type": "Transitive",
        "resolved": "10.0.10",
        "contentHash": "cLrqxkuEfcilZ8SjK+9KAnpLk9lOoMPaOokF+wRUYie+iUEcdX4/p/+gJkt0BYgWLthjpBUCkVTBI6Kxg0nsOw==",
        "dependencies": {
          "Microsoft.Extensions.Configuration": "10.0.10",
          "Microsoft.Extensions.Configuration.Abstractions": "10.0.10",
          "Microsoft.Extensions.Configuration.Binder": "10.0.10",
          "Microsoft.Extensions.DependencyInjection.Abstractions": "10.0.10",
          "Microsoft.Extensions.Logging": "10.0.10",
          "Microsoft.Extensions.Logging.Abstractions": "10.0.10",
          "Microsoft.Extensions.Options": "10.0.10",
          "Microsoft.Extensions.Options.ConfigurationExtensions": "10.0.10"
        }
      },
      "Microsoft.Extensions.ObjectPool": {
        "type": "Transitive",
        "resolved": "10.0.10",
        "contentHash": "Tx0R6PY9MNSh0mDKSxbpHLuuec93IxF1cel+1ithQnMNr/vbfLSSHOQHGHIppAJCGfPcEo/wO1Ylj+QpXtzo3A=="
      },
      "Microsoft.Extensions.Options": {
        "type": "Transitive",
        "resolved": "10.0.10",
        "contentHash": "srnhnk7nE8krBiIXp71LvBmKBtraBONWSRzdjJgRv1Ko9Mp8IVNqv4vIS9hGeVteBig8aQkva9ZG+sC+o5sVcA==",
        "dependencies": {
          "Microsoft.Extensions.DependencyInjection.Abstractions": "10.0.10",
          "Microsoft.Extensions.Primitives": "10.0.10"
        }
      },
      "Microsoft.Extensions.Options.ConfigurationExtensions": {
        "type": "Transitive",
        "resolved": "10.0.10",
        "contentHash": "tnBmu/LwF25ZQK+HBNCu2xrwnkKoB/XEbJyooGGoYxHrhvxbSKi7eOFiJ4AXBy/QU4vtCvCJfoi8k9Ej72qzOQ==",
        "dependencies": {
          "Microsoft.Extensions.Configuration.Abstractions": "10.0.10",
          "Microsoft.Extensions.Configuration.Binder": "10.0.10",
          "Microsoft.Extensions.DependencyInjection.Abstractions": "10.0.10",
          "Microsoft.Extensions.Options": "10.0.10",
          "Microsoft.Extensions.Primitives": "10.0.10"
        }
      },
      "Microsoft.Extensions.Primitives": {
        "type": "Transitive",
        "resolved": "10.0.10",
        "contentHash": "5wu/GrYVd8mG2DVUw3vFJzF+O336TyTGg/Kmcgw9bfwYhCoFiV5lR5QeEmKecJyrW4W54nMfD3p3589E8a7czQ=="
      },
      "Microsoft.Extensions.Resilience": {
        "type": "Transitive",
        "resolved": "10.8.0",
        "contentHash": "RH/gv0ZcCnQ3d30lxb8+T2o661TwZq/K5eMwp488goQLX1QYqWN3i8L8XlN9DhrqP2Zcf0EtsWaKpJO3yHDUTw==",
        "dependencies": {
          "Microsoft.Extensions.Diagnostics": "10.0.10",
          "Microsoft.Extensions.Diagnostics.ExceptionSummarization": "10.8.0",
          "Microsoft.Extensions.Options.ConfigurationExtensions": "10.0.10",
          "Microsoft.Extensions.Telemetry.Abstractions": "10.8.0",
          "Polly.Extensions": "8.4.2",
          "Polly.RateLimiting": "8.4.2"
        }
      },
      "Microsoft.Extensions.Telemetry": {
        "type": "Transitive",
        "resolved": "10.8.0",
        "contentHash": "IIWjDZguUJt6yNld9J4V88xuOUzpC76wBwfnRJLRmacmyTTl9jA8+KP5PuHPi7CKz/Vk/q+lQYmobiopuzapzA==",
        "dependencies": {
          "Microsoft.Extensions.AmbientMetadata.Application": "10.8.0",
          "Microsoft.Extensions.DependencyInjection.AutoActivation": "10.8.0",
          "Microsoft.Extensions.Logging.Configuration": "10.0.10",
          "Microsoft.Extensions.ObjectPool": "10.0.10",
          "Microsoft.Extensions.Telemetry.Abstractions": "10.8.0"
        }
      },
      "Microsoft.Extensions.Telemetry.Abstractions": {
        "type": "Transitive",
        "resolved": "10.8.0",
        "contentHash": "XHlOerNKjVrPJqbuFi196tyFhS7eNMoPUC800xJmCGsSiruE/goGoKyBKzS1HeelAGnoFPFrS+LgNitXNeEYRQ==",
        "dependencies": {
          "Microsoft.Extensions.Compliance.Abstractions": "10.8.0",
          "Microsoft.Extensions.Logging.Abstractions": "10.0.10",
          "Microsoft.Extensions.ObjectPool": "10.0.10",
          "Microsoft.Extensions.Options": "10.0.10"
        }
      },
      "Microsoft.Identity.Client": {
        "type": "Transitive",
        "resolved": "4.73.1",
        "contentHash": "NnDLS8QwYqO5ZZecL2oioi1LUqjh5Ewk4bMLzbgiXJbQmZhDLtKwLxL3DpGMlQAJ2G4KgEnvGPKa+OOgffeJbw==",
        "dependencies": {
          "Microsoft.IdentityModel.Abstractions": "6.35.0"
        }
      },
      "Microsoft.Identity.Client.Extensions.Msal": {
        "type": "Transitive",
        "resolved": "4.73.1",
        "contentHash": "xDztAiV2F0wI0W8FLKv5cbaBefyLD6JVaAsvgSN7bjWNCzGYzHbcOEIP5s4TJXUpQzMfUyBsFl1mC6Zmgpz0PQ==",
        "dependencies": {
          "Microsoft.Identity.Client": "4.73.1",
          "System.Security.Cryptography.ProtectedData": "4.5.0"
        }
      },
      "Microsoft.IdentityModel.Abstractions": {
        "type": "Transitive",
        "resolved": "7.7.1",
        "contentHash": "S7sHg6gLg7oFqNGLwN1qSbJDI+QcRRj8SuJ1jHyCmKSipnF6ZQL+tFV2NzVfGj/xmGT9TykQdQiBN+p5Idl4TA=="
      },
      "Microsoft.IdentityModel.JsonWebTokens": {
        "type": "Transitive",
        "resolved": "7.7.1",
        "contentHash": "3Izi75UCUssvo8LPx3OVnEeZay58qaFicrtSnbtUt7q8qQi0gy46gh4V8VUTkMVMKXV6VMyjBVmeNNgeCUJuIw==",
        "dependencies": {
          "Microsoft.IdentityModel.Tokens": "7.7.1"
        }
      },
      "Microsoft.IdentityModel.Logging": {
        "type": "Transitive",
        "resolved": "7.7.1",
        "contentHash": "BZNgSq/o8gsKExdYoBKPR65fdsxW0cTF8PsdqB8y011AGUJJW300S/ZIsEUD0+sOmGc003Gwv3FYbjrVjvsLNQ==",
        "dependencies": {
          "Microsoft.IdentityModel.Abstractions": "7.7.1"
        }
      },
      "Microsoft.IdentityModel.Protocols": {
        "type": "Transitive",
        "resolved": "7.7.1",
        "contentHash": "h+fHHBGokepmCX+QZXJk4Ij8OApCb2n2ktoDkNX5CXteXsOxTHMNgjPGpAwdJMFvAL7TtGarUnk3o97NmBq2QQ==",
        "dependencies": {
          "Microsoft.IdentityModel.Tokens": "7.7.1"
        }
      },
      "Microsoft.IdentityModel.Protocols.OpenIdConnect": {
        "type": "Transitive",
        "resolved": "7.7.1",
        "contentHash": "yT2Hdj8LpPbcT9C9KlLVxXl09C8zjFaVSaApdOwuecMuoV4s6Sof/mnTDz/+F/lILPIBvrWugR9CC7iRVZgbfQ==",
        "dependencies": {
          "Microsoft.IdentityModel.Protocols": "7.7.1",
          "System.IdentityModel.Tokens.Jwt": "7.7.1"
        }
      },
      "Microsoft.IdentityModel.Tokens": {
        "type": "Transitive",
        "resolved": "7.7.1",
        "contentHash": "fQ0VVCba75lknUHGldi3iTKAYUQqbzp1Un8+d9cm9nON0Gs8NAkXddNg8iaUB0qi/ybtAmNWizTR4avdkCJ9pQ==",
        "dependencies": {
          "Microsoft.IdentityModel.Logging": "7.7.1"
        }
      },
      "Microsoft.SqlServer.Server": {
        "type": "Transitive",
        "resolved": "1.0.0",
        "contentHash": "N4KeF3cpcm1PUHym1RmakkzfkEv3GRMyofVv40uXsQhCQeglr2OHNcUk2WOG51AKpGO8ynGpo9M/kFXSzghwug=="
      },
      "Microsoft.Web.WebView2": {
        "type": "Transitive",
        "resolved": "1.0.3719.77",
        "contentHash": "t+ucyKw5NTwMjsUrDF6R9Lk40lpcKQD1/HgyGFxl49tdA4h9dKlsj6FYGEmDRpFNfnTpENuTypMcdbrlkqBdDA=="
      },
      "Microsoft.Windows.AI.MachineLearning": {
        "type": "Transitive",
        "resolved": "2.1.1",
        "contentHash": "A5BbYPLVrcaRJvpwx0nv7aMDOMqR20qaw9EaLcUe9pkSArzKoSk6cilRsSioU+eRa9+HahidBZTegawdswKqIQ==",
        "dependencies": {
          "System.Numerics.Tensors": "9.0.0"
        }
      },
      "Microsoft.Windows.SDK.BuildTools": {
        "type": "Transitive",
        "resolved": "10.0.26100.4654",
        "contentHash": "2mgcOlj/t2RfSyyw+pVESfO+Tk1RkfQzto9Vrq42M1lUQIfQEwbi8QLha9GXWIOj+TFzeHIEJckIoF25mgiM8A=="
      },
      "Microsoft.Windows.SDK.BuildTools.MSIX": {
        "type": "Transitive",
        "resolved": "1.7.251221100",
        "contentHash": "f4aIZJ0NUth2403oxrpR+9rxVzZVI6dabqB21u8ncnk8eJAKCs9m77E4iYAnvP1YwrRe4axz3f8+yUcttNSfEA=="
      },
      "Microsoft.WindowsAppSDK.AI": {
        "type": "Transitive",
        "resolved": "2.1.10",
        "contentHash": "4rOxfQbOZkdGK/wzajqyXZeCl9WW1qdtb63hTBFEA7pZ14iyF3iV64VNg6KOXuRRUL64/wyHHsiBwLlvFSFgcw==",
        "dependencies": {
          "Microsoft.WindowsAppSDK.Base": "2.0.4",
          "Microsoft.WindowsAppSDK.Foundation": "2.0.21"
        }
      },
      "Microsoft.WindowsAppSDK.Base": {
        "type": "Transitive",
        "resolved": "2.0.4",
        "contentHash": "QXSy2llX2/Bx9dYWGUEsb10F40q94ZiDnPMzqa2/qRmTG4y9EXxGp6uHITb7c0b4FCa+6KFBlgh6D53M0QEMEg==",
        "dependencies": {
          "Microsoft.Windows.SDK.BuildTools": "10.0.26100.4654",
          "Microsoft.Windows.SDK.BuildTools.MSIX": "1.7.251221100"
        }
      },
      "Microsoft.WindowsAppSDK.DWrite": {
        "type": "Transitive",
        "resolved": "2.1.0",
        "contentHash": "dgix7NSeo7Z8SZPyrsOqYm/6OUvBveHCiVyorYecmtDYoZW26dJ6/i9yveIxgWvmFpgfKXPeIuQBCvhbetHiYg==",
        "dependencies": {
          "Microsoft.WindowsAppSDK.Base": "2.0.3"
        }
      },
      "Microsoft.WindowsAppSDK.Foundation": {
        "type": "Transitive",
        "resolved": "2.0.21",
        "contentHash": "Wzr4c9dSXXcNQw67wVmy+32FXW6+TLyrQHD5eZXAjNydMsLRMZjUXzD1qQgBg1bdgzjlkYnOyYqoXbOL6lfqkw==",
        "dependencies": {
          "Microsoft.WindowsAppSDK.Base": "2.0.4",
          "Microsoft.WindowsAppSDK.InteractiveExperiences": "2.0.13"
        }
      },
      "Microsoft.WindowsAppSDK.InteractiveExperiences": {
        "type": "Transitive",
        "resolved": "2.0.13",
        "contentHash": "jxzb2F0thCzUhxX3EMthKyxMaWINGSAf1/uMfS3pyCODCzHoR39LUQE22DZDAmMJEM4pebCnIj2PYRQjSuy65Q==",
        "dependencies": {
          "Microsoft.WindowsAppSDK.Base": "2.0.3"
        }
      },
      "Microsoft.WindowsAppSDK.ML": {
        "type": "Transitive",
        "resolved": "2.1.1",
        "contentHash": "q+luYBGlPdzMwhOsZCUmWbIZMvmc0pn5+nBvrKyQzvd/mC2+YBEaqfN2/zkfkFKsmJUuPvnG73RouAP/1oKPaA==",
        "dependencies": {
          "Microsoft.Windows.AI.MachineLearning": "[2.1.1, 3.0.0)",
          "Microsoft.WindowsAppSDK.Base": "2.0.4",
          "Microsoft.WindowsAppSDK.Foundation": "2.0.21"
        }
      },
      "Microsoft.WindowsAppSDK.Runtime": {
        "type": "Transitive",
        "resolved": "2.1.3",
        "contentHash": "dbddzTTnePoiFEw2h9QeGxJ8jyFtx7OEMIt053vjd/FQU4hzdnK9/LGPF5cwCkCD8gLvrXqyfR8AhCjz5Ni9sQ==",
        "dependencies": {
          "Microsoft.WindowsAppSDK.Base": "2.0.4"
        }
      },
      "Microsoft.WindowsAppSDK.Widgets": {
        "type": "Transitive",
        "resolved": "2.0.5",
        "contentHash": "lRz+8+QU65gV8hRzLVE+GRsPKZ42lnzqkmsw96HzQd/DuFYfr4JYpUU7ZZ5YrkV2EfQe4BCmoRKAeZ3WwalMcg==",
        "dependencies": {
          "Microsoft.WindowsAppSDK.Base": "2.0.3"
        }
      },
      "Microsoft.WindowsAppSDK.WinUI": {
        "type": "Transitive",
        "resolved": "2.1.0",
        "contentHash": "HXFdlOESmUM7RPPWO5z4lpJX7zIPhDDPngfEP1itAUG/1SWFWKxYdEpt6nciMGITj92OpSK70R8/h06j5tfhIg==",
        "dependencies": {
          "Microsoft.Web.WebView2": "1.0.3719.77",
          "Microsoft.WindowsAppSDK.Base": "2.0.4",
          "Microsoft.WindowsAppSDK.Foundation": "2.0.21",
          "Microsoft.WindowsAppSDK.InteractiveExperiences": "2.0.13"
        }
      },
      "Polly.Core": {
        "type": "Transitive",
        "resolved": "8.4.2",
        "contentHash": "BpE2I6HBYYA5tF0Vn4eoQOGYTYIK1BlF5EXVgkWGn3mqUUjbXAr13J6fZVbp7Q3epRR8yshacBMlsHMhpOiV3g=="
      },
      "Polly.Extensions": {
        "type": "Transitive",
        "resolved": "8.4.2",
        "contentHash": "GZ9vRVmR0jV2JtZavt+pGUsQ1O1cuRKG7R7VOZI6ZDy9y6RNPvRvXK1tuS4ffUrv8L0FTea59oEuQzgS0R7zSA==",
        "dependencies": {
          "Microsoft.Extensions.Logging.Abstractions": "8.0.0",
          "Microsoft.Extensions.Options": "8.0.0",
          "Polly.Core": "8.4.2"
        }
      },
      "Polly.RateLimiting": {
        "type": "Transitive",
        "resolved": "8.4.2",
        "contentHash": "ehTImQ/eUyO07VYW2WvwSmU9rRH200SKJ/3jku9rOkyWE0A2JxNFmAVms8dSn49QLSjmjFRRSgfNyOgr/2PSmA==",
        "dependencies": {
          "Polly.Core": "8.4.2",
          "System.Threading.RateLimiting": "8.0.0"
        }
      },
      "System.ClientModel": {
        "type": "Transitive",
        "resolved": "1.5.1",
        "contentHash": "k2jKSO0X45IqhVOT9iQB4xralNN9foRQsRvXBTyRpAVxyzCJlG895T9qYrQWbcJ6OQXxOouJQ37x5nZH5XKK+A==",
        "dependencies": {
          "Microsoft.Extensions.Logging.Abstractions": "8.0.3",
          "System.Memory.Data": "8.0.1"
        }
      },
      "System.Configuration.ConfigurationManager": {
        "type": "Transitive",
        "resolved": "9.0.4",
        "contentHash": "dvjqKp+2LpGid6phzrdrS/2mmEPxFl3jE1+L7614q4ZChKbLJCpHXg6sBILlCCED1t//EE+un/UdAetzIMpqnw==",
        "dependencies": {
          "System.Diagnostics.EventLog": "9.0.4",
          "System.Security.Cryptography.ProtectedData": "9.0.4"
        }
      },
      "System.Diagnostics.EventLog": {
        "type": "Transitive",
        "resolved": "9.0.4",
        "contentHash": "getRQEXD8idlpb1KW56XuxImMy0FKp2WJPDf3Qr0kI/QKxxJSftqfDFVo0DZ3HCJRLU73qHSruv5q2l5O47jQQ=="
      },
      "System.IdentityModel.Tokens.Jwt": {
        "type": "Transitive",
        "resolved": "7.7.1",
        "contentHash": "rQkO1YbAjLwnDJSMpRhRtrc6XwIcEOcUvoEcge+evurpzSZM3UNK+MZfD3sKyTlYsvknZ6eJjSBfnmXqwOsT9Q==",
        "dependencies": {
          "Microsoft.IdentityModel.JsonWebTokens": "7.7.1",
          "Microsoft.IdentityModel.Tokens": "7.7.1"
        }
      },
      "System.Memory.Data": {
        "type": "Transitive",
        "resolved": "8.0.1",
        "contentHash": "BVYuec3jV23EMRDeR7Dr1/qhx7369dZzJ9IWy2xylvb4YfXsrUxspWc4UWYid/tj4zZK58uGZqn2WQiaDMhmAg=="
      },
      "System.Numerics.Tensors": {
        "type": "Transitive",
        "resolved": "9.0.0",
        "contentHash": "hyJB4UlpAi19Xr9AXzu2NuagKC4lPfHObNMEAA0HmqFz2rX7wKgzeYzO/jM/eBHDhnUGFFEjk5cOoJaxqg5J4A=="
      },
      "System.Security.Cryptography.Pkcs": {
        "type": "Transitive",
        "resolved": "9.0.4",
        "contentHash": "cUFTcMlz/Qw9s90b2wnWSCvHdjv51Bau9FQqhsr4TlwSe1OX+7SoXUqphis5G74MLOvMOCghxPPlEqOdCrVVGA=="
      },
      "System.Security.Cryptography.ProtectedData": {
        "type": "Transitive",
        "resolved": "9.0.4",
        "contentHash": "o94k2RKuAce3GeDMlUvIXlhVa1kWpJw95E6C9LwW0KlG0nj5+SgCiIxJ2Eroqb9sLtG1mEMbFttZIBZ13EJPvQ=="
      },
      "System.Threading.RateLimiting": {
        "type": "Transitive",
        "resolved": "8.0.0",
        "contentHash": "7mu9v0QDv66ar3DpGSZHg9NuNcxDaaAcnMULuZlaTpP9+hwXhrxNGsF5GmLkSHxFdb5bBc1TzeujsRgTrPWi+Q=="
      },
      "halcyonrecords.seeddatagenerator.core": {
        "type": "Project",
        "dependencies": {
          "HalcyonRecords.Shared": "[1.0.0, )",
          "Microsoft.EntityFrameworkCore.SqlServer": "[10.0.10, )",
          "Microsoft.Extensions.Http.Resilience": "[10.8.0, )"
        }
      },
      "halcyonrecords.shared": {
        "type": "Project",
        "dependencies": {
          "ErrorOr": "[2.1.1, )"
        }
      }
    }
  }
}